
Microsoft Visual Studio Solution File, Format Version 12.00
# Visual Studio Version 16
VisualStudioVersion = 16.0.28803.202
MinimumVisualStudioVersion = 10.0.40219.1
Project("{FAE04EC0-301F-11D3-BF4B-00C04F79EFBC}") = "WindowsFormsApp1", "WindowsFormsApp1\WindowsFormsApp1.csproj", "{D957630A-216E-43C6-AA8E-07C330C841CA}"
EndProject
Global
	GlobalSection(SolutionConfigurationPlatforms) = preSolution
		Debug|Any CPU = Debug|Any CPU
		Release|Any CPU = Release|Any CPU
	EndGlobalSection
	GlobalSection(ProjectConfigurationPlatforms) = postSolution
		{D957630A-216E-43C6-AA8E-07C330C841CA}.Debug|Any CPU.ActiveCfg = Debug|Any CPU
		{D957630A-216E-43C6-AA8E-07C330C841CA}.Debug|Any CPU.Build.0 = Debug|Any CPU
		{D957630A-216E-43C6-AA8E-07C330C841CA}.Release|Any CPU.ActiveCfg = Release|Any CPU
		{D957630A-216E-43C6-AA8E-07C330C841CA}.Release|Any CPU.Build.0 = Release|Any CPU
	EndGlobalSection
	GlobalSection(SolutionProperties) = preSolution
		HideSolutionNode = FALSE
	EndGlobalSection
	GlobalSection(ExtensibilityGlobals) = postSolution
		SolutionGuid = {CD4CBDF9-B3E0-4504-BF7A-6F6F53729959}
	EndGlobalSection
EndGlobal
